// !$*UTF8*$!
{
	archiveVersion = 1;
	classes = {
	};
	objectVersion = 52;
	objects = {

/* Begin PBXBuildFile section */
		63521920251E681F00A4E876 /* AnimatedCollectionViewLayout in Frameworks */ = {isa = PBXBuildFile; productRef = 6352191F251E681F00A4E876 /* AnimatedCollectionViewLayout */; };
		635339A325203150001FDFAD /* RecordViewController.swift in Sources */ = {isa = PBXBuildFile; fileRef = 635339A225203150001FDFAD /* RecordViewController.swift */; };
		635339A72520579A001FDFAD /* UploadViewController.swift in Sources */ = {isa = PBXBuildFile; fileRef = 635339A62520579A001FDFAD /* UploadViewController.swift */; };
		635339AC2520B946001FDFAD /* SnapKit in Frameworks */ = {isa = PBXBuildFile; productRef = 635339AB2520B946001FDFAD /* SnapKit */; };
		636F81BE251ED9E100B35A1E /* Images.xcassets in Resources */ = {isa = PBXBuildFile; fileRef = 636F81BD251ED9E100B35A1E /* Images.xcassets */; };
		636F81C5251EE05400B35A1E /* Dog - 15305.mp4 in Resources */ = {isa = PBXBuildFile; fileRef = 636F81C1251EE05300B35A1E /* Dog - 15305.mp4 */; };
		636F81C6251EE05400B35A1E /* Dog - 14869.mp4 in Resources */ = {isa = PBXBuildFile; fileRef = 636F81C2251EE05300B35A1E /* Dog - 14869.mp4 */; };
		636F81C7251EE05400B35A1E /* Cat - 2879.mp4 in Resources */ = {isa = PBXBuildFile; fileRef = 636F81C3251EE05400B35A1E /* Cat - 2879.mp4 */; };
		636F81C8251EE05400B35A1E /* Woodhouse'S Toad - 397.mp4 in Resources */ = {isa = PBXBuildFile; fileRef = 636F81C4251EE05400B35A1E /* Woodhouse'S Toad - 397.mp4 */; };
		63EAD09525229C7100F405FC /* MovieCropper.swift in Sources */ = {isa = PBXBuildFile; fileRef = 63EAD09425229C7100F405FC /* MovieCropper.swift */; };
		63F31B68251C536500777BDE /* AppDelegate.swift in Sources */ = {isa = PBXBuildFile; fileRef = 63F31B67251C536500777BDE /* AppDelegate.swift */; };
		63F31B6A251C536500777BDE /* SceneDelegate.swift in Sources */ = {isa = PBXBuildFile; fileRef = 63F31B69251C536500777BDE /* SceneDelegate.swift */; };
		63F31B6C251C536500777BDE /* ViewController.swift in Sources */ = {isa = PBXBuildFile; fileRef = 63F31B6B251C536500777BDE /* ViewController.swift */; };
		63F31B6F251C536500777BDE /* Main.storyboard in Resources */ = {isa = PBXBuildFile; fileRef = 63F31B6D251C536500777BDE /* Main.storyboard */; };
		63F31B74251C536700777BDE /* LaunchScreen.storyboard in Resources */ = {isa = PBXBuildFile; fileRef = 63F31B72251C536700777BDE /* LaunchScreen.storyboard */; };
		63F31B86251C877000777BDE /* HomeViewController.swift in Sources */ = {isa = PBXBuildFile; fileRef = 63F31B85251C877000777BDE /* HomeViewController.swift */; };
		63F31B8A251C8CED00777BDE /* blueblack.jpg in Resources */ = {isa = PBXBuildFile; fileRef = 63F31B89251C8CED00777BDE /* blueblack.jpg */; };
		DB0809444FAFB86D327709F2 /* Pods_Pet_App.framework in Frameworks */ = {isa = PBXBuildFile; fileRef = 91B4BE113C39F0E242DDB662 /* Pods_Pet_App.framework */; };
/* End PBXBuildFile section */

/* Begin PBXFileReference section */
		635339A225203150001FDFAD /* RecordViewController.swift */ = {isa = PBXFileReference; lastKnownFileType = sourcecode.swift; path = RecordViewController.swift; sourceTree = "<group>"; };
		635339A62520579A001FDFAD /* UploadViewController.swift */ = {isa = PBXFileReference; lastKnownFileType = sourcecode.swift; path = UploadViewController.swift; sourceTree = "<group>"; };
		636F81BD251ED9E100B35A1E /* Images.xcassets */ = {isa = PBXFileReference; lastKnownFileType = folder.assetcatalog; path = Images.xcassets; sourceTree = "<group>"; };
		636F81C1251EE05300B35A1E /* Dog - 15305.mp4 */ = {isa = PBXFileReference; lastKnownFileType = file; path = "Dog - 15305.mp4"; sourceTree = "<group>"; };
		636F81C2251EE05300B35A1E /* Dog - 14869.mp4 */ = {isa = PBXFileReference; lastKnownFileType = file; path = "Dog - 14869.mp4"; sourceTree = "<group>"; };
		636F81C3251EE05400B35A1E /* Cat - 2879.mp4 */ = {isa = PBXFileReference; lastKnownFileType = file; path = "Cat - 2879.mp4"; sourceTree = "<group>"; };
		636F81C4251EE05400B35A1E /* Woodhouse'S Toad - 397.mp4 */ = {isa = PBXFileReference; lastKnownFileType = file; path = "Woodhouse'S Toad - 397.mp4"; sourceTree = "<group>"; };
		63EAD09425229C7100F405FC /* MovieCropper.swift */ = {isa = PBXFileReference; lastKnownFileType = sourcecode.swift; path = MovieCropper.swift; sourceTree = "<group>"; };
		63F31B64251C536500777BDE /* Pet App.app */ = {isa = PBXFileReference; explicitFileType = wrapper.application; includeInIndex = 0; path = "Pet App.app"; sourceTree = BUILT_PRODUCTS_DIR; };
		63F31B67251C536500777BDE /* AppDelegate.swift */ = {isa = PBXFileReference; lastKnownFileType = sourcecode.swift; path = AppDelegate.swift; sourceTree = "<group>"; };
		63F31B69251C536500777BDE /* SceneDelegate.swift */ = {isa = PBXFileReference; lastKnownFileType = sourcecode.swift; path = SceneDelegate.swift; sourceTree = "<group>"; };
		63F31B6B251C536500777BDE /* ViewController.swift */ = {isa = PBXFileReference; lastKnownFileType = sourcecode.swift; path = ViewController.swift; sourceTree = "<group>"; };
		63F31B6E251C536500777BDE /* Base */ = {isa = PBXFileReference; lastKnownFileType = file.storyboard; name = Base; path = Base.lproj/Main.storyboard; sourceTree = "<group>"; };
		63F31B73251C536700777BDE /* Base */ = {isa = PBXFileReference; lastKnownFileType = file.storyboard; name = Base; path = Base.lproj/LaunchScreen.storyboard; sourceTree = "<group>"; };
		63F31B75251C536700777BDE /* Info.plist */ = {isa = PBXFileReference; lastKnownFileType = text.plist.xml; path = Info.plist; sourceTree = "<group>"; };
		63F31B85251C877000777BDE /* HomeViewController.swift */ = {isa = PBXFileReference; lastKnownFileType = sourcecode.swift; path = HomeViewController.swift; sourceTree = "<group>"; };
		63F31B89251C8CED00777BDE /* blueblack.jpg */ = {isa = PBXFileReference; lastKnownFileType = image.jpeg; path = blueblack.jpg; sourceTree = "<group>"; };
		91B4BE113C39F0E242DDB662 /* Pods_Pet_App.framework */ = {isa = PBXFileReference; explicitFileType = wrapper.framework; includeInIndex = 0; path = Pods_Pet_App.framework; sourceTree = BUILT_PRODUCTS_DIR; };
		A11ACECC60646E670CC53D89 /* Pods-Pet App.release.xcconfig */ = {isa = PBXFileReference; includeInIndex = 1; lastKnownFileType = text.xcconfig; name = "Pods-Pet App.release.xcconfig"; path = "Target Support Files/Pods-Pet App/Pods-Pet App.release.xcconfig"; sourceTree = "<group>"; };
		C227C46C42DFACA062138D62 /* Pods-Pet App.debug.xcconfig */ = {isa = PBXFileReference; includeInIndex = 1; lastKnownFileType = text.xcconfig; name = "Pods-Pet App.debug.xcconfig"; path = "Target Support Files/Pods-Pet App/Pods-Pet App.debug.xcconfig"; sourceTree = "<group>"; };
/* End PBXFileReference section */

/* Begin PBXFrameworksBuildPhase section */
		63F31B61251C536400777BDE /* Frameworks */ = {
			isa = PBXFrameworksBuildPhase;
			buildActionMask = 2147483647;
			files = (
				635339AC2520B946001FDFAD /* SnapKit in Frameworks */,
				63521920251E681F00A4E876 /* AnimatedCollectionViewLayout in Frameworks */,
				DB0809444FAFB86D327709F2 /* Pods_Pet_App.framework in Frameworks */,
			);
			runOnlyForDeploymentPostprocessing = 0;
		};
/* End PBXFrameworksBuildPhase section */

/* Begin PBXGroup section */
		621A02112BA1A0D015DA4075 /* Frameworks */ = {
			isa = PBXGroup;
			children = (
				91B4BE113C39F0E242DDB662 /* Pods_Pet_App.framework */,
			);
			name = Frameworks;
			sourceTree = "<group>";
		};
		632CE58C2525E2C300D073AC /* CameraController */ = {
			isa = PBXGroup;
			children = (
				63EAD09425229C7100F405FC /* MovieCropper.swift */,
				635339A225203150001FDFAD /* RecordViewController.swift */,
				635339A62520579A001FDFAD /* UploadViewController.swift */,
			);
			path = CameraController;
			sourceTree = "<group>";
		};
		63F31B5B251C536400777BDE = {
			isa = PBXGroup;
			children = (
				63F31B66251C536500777BDE /* Pet App */,
				63F31B65251C536500777BDE /* Products */,
				FA2D99FF2DBB58D684BB6327 /* Pods */,
				621A02112BA1A0D015DA4075 /* Frameworks */,
			);
			sourceTree = "<group>";
		};
		63F31B65251C536500777BDE /* Products */ = {
			isa = PBXGroup;
			children = (
				63F31B64251C536500777BDE /* Pet App.app */,
			);
			name = Products;
			sourceTree = "<group>";
		};
		63F31B66251C536500777BDE /* Pet App */ = {
			isa = PBXGroup;
			children = (
				636F81C3251EE05400B35A1E /* Cat - 2879.mp4 */,
				636F81C2251EE05300B35A1E /* Dog - 14869.mp4 */,
				636F81C1251EE05300B35A1E /* Dog - 15305.mp4 */,
				636F81C4251EE05400B35A1E /* Woodhouse'S Toad - 397.mp4 */,
				63F31B67251C536500777BDE /* AppDelegate.swift */,
				63F31B69251C536500777BDE /* SceneDelegate.swift */,
				63F31B6B251C536500777BDE /* ViewController.swift */,
				632CE58C2525E2C300D073AC /* CameraController */,
				63F31B85251C877000777BDE /* HomeViewController.swift */,
				63F31B6D251C536500777BDE /* Main.storyboard */,
				63F31B89251C8CED00777BDE /* blueblack.jpg */,
				636F81BD251ED9E100B35A1E /* Images.xcassets */,
				63F31B72251C536700777BDE /* LaunchScreen.storyboard */,
				63F31B75251C536700777BDE /* Info.plist */,
			);
			path = "Pet App";
			sourceTree = "<group>";
		};
		FA2D99FF2DBB58D684BB6327 /* Pods */ = {
			isa = PBXGroup;
			children = (
				C227C46C42DFACA062138D62 /* Pods-Pet App.debug.xcconfig */,
				A11ACECC60646E670CC53D89 /* Pods-Pet App.release.xcconfig */,
			);
			path = Pods;
			sourceTree = "<group>";
		};
/* End PBXGroup section */

/* Begin PBXNativeTarget section */
		63F31B63251C536400777BDE /* Pet App */ = {
			isa = PBXNativeTarget;
			buildConfigurationList = 63F31B78251C536700777BDE /* Build configuration list for PBXNativeTarget "Pet App" */;
			buildPhases = (
				1B9B01745787B472D78C9FC3 /* [CP] Check Pods Manifest.lock */,
				63F31B60251C536400777BDE /* Sources */,
				63F31B61251C536400777BDE /* Frameworks */,
				63F31B62251C536400777BDE /* Resources */,
				29FE439C13975AB6F339F73B /* [CP] Embed Pods Frameworks */,
			);
			buildRules = (
			);
			dependencies = (
			);
			name = "Pet App";
			packageProductDependencies = (
				6352191F251E681F00A4E876 /* AnimatedCollectionViewLayout */,
				635339AB2520B946001FDFAD /* SnapKit */,
			);
			productName = "Pet App";
			productReference = 63F31B64251C536500777BDE /* Pet App.app */;
			productType = "com.apple.product-type.application";
		};
/* End PBXNativeTarget section */

/* Begin PBXProject section */
		63F31B5C251C536400777BDE /* Project object */ = {
			isa = PBXProject;
			attributes = {
				LastSwiftUpdateCheck = 1200;
				LastUpgradeCheck = 1200;
				TargetAttributes = {
					63F31B63251C536400777BDE = {
						CreatedOnToolsVersion = 12.0;
					};
				};
			};
			buildConfigurationList = 63F31B5F251C536400777BDE /* Build configuration list for PBXProject "Pet App" */;
			compatibilityVersion = "Xcode 9.3";
			developmentRegion = en;
			hasScannedForEncodings = 0;
			knownRegions = (
				en,
				Base,
			);
			mainGroup = 63F31B5B251C536400777BDE;
			packageReferences = (
				6352191E251E681F00A4E876 /* XCRemoteSwiftPackageReference "AnimatedCollectionViewLayout" */,
				635339AA2520B946001FDFAD /* XCRemoteSwiftPackageReference "SnapKit" */,
			);
			productRefGroup = 63F31B65251C536500777BDE /* Products */;
			projectDirPath = "";
			projectRoot = "";
			targets = (
				63F31B63251C536400777BDE /* Pet App */,
			);
		};
/* End PBXProject section */

/* Begin PBXResourcesBuildPhase section */
		63F31B62251C536400777BDE /* Resources */ = {
			isa = PBXResourcesBuildPhase;
			buildActionMask = 2147483647;
			files = (
				636F81C8251EE05400B35A1E /* Woodhouse'S Toad - 397.mp4 in Resources */,
				636F81C7251EE05400B35A1E /* Cat - 2879.mp4 in Resources */,
				63F31B74251C536700777BDE /* LaunchScreen.storyboard in Resources */,
				636F81C5251EE05400B35A1E /* Dog - 15305.mp4 in Resources */,
				636F81BE251ED9E100B35A1E /* Images.xcassets in Resources */,
				636F81C6251EE05400B35A1E /* Dog - 14869.mp4 in Resources */,
				63F31B8A251C8CED00777BDE /* blueblack.jpg in Resources */,
				63F31B6F251C536500777BDE /* Main.storyboard in Resources */,
			);
			runOnlyForDeploymentPostprocessing = 0;
		};
/* End PBXResourcesBuildPhase section */

/* Begin PBXShellScriptBuildPhase section */
		1B9B01745787B472D78C9FC3 /* [CP] Check Pods Manifest.lock */ = {
			isa = PBXShellScriptBuildPhase;
			buildActionMask = 2147483647;
			files = (
			);
			inputFileListPaths = (
			);
			inputPaths = (
				"${PODS_PODFILE_DIR_PATH}/Podfile.lock",
				"${PODS_ROOT}/Manifest.lock",
			);
			name = "[CP] Check Pods Manifest.lock";
			outputFileListPaths = (
			);
			outputPaths = (
				"$(DERIVED_FILE_DIR)/Pods-Pet App-checkManifestLockResult.txt",
			);
			runOnlyForDeploymentPostprocessing = 0;
			shellPath = /bin/sh;
			shellScript = "diff \"${PODS_PODFILE_DIR_PATH}/Podfile.lock\" \"${PODS_ROOT}/Manifest.lock\" > /dev/null\nif [ $? != 0 ] ; then\n    # print error to STDERR\n    echo \"error: The sandbox is not in sync with the Podfile.lock. Run 'pod install' or update your CocoaPods installation.\" >&2\n    exit 1\nfi\n# This output is used by Xcode 'outputs' to avoid re-running this script phase.\necho \"SUCCESS\" > \"${SCRIPT_OUTPUT_FILE_0}\"\n";
			showEnvVarsInLog = 0;
		};
		29FE439C13975AB6F339F73B /* [CP] Embed Pods Frameworks */ = {
			isa = PBXShellScriptBuildPhase;
			buildActionMask = 2147483647;
			files = (
			);
			inputFileListPaths = (
				"${PODS_ROOT}/Target Support Files/Pods-Pet App/Pods-Pet App-frameworks-${CONFIGURATION}-input-files.xcfilelist",
			);
			name = "[CP] Embed Pods Frameworks";
			outputFileListPaths = (
				"${PODS_ROOT}/Target Support Files/Pods-Pet App/Pods-Pet App-frameworks-${CONFIGURATION}-output-files.xcfilelist",
			);
			runOnlyForDeploymentPostprocessing = 0;
			shellPath = /bin/sh;
			shellScript = "\"${PODS_ROOT}/Target Support Files/Pods-Pet App/Pods-Pet App-frameworks.sh\"\n";
			showEnvVarsInLog = 0;
		};
/* End PBXShellScriptBuildPhase section */

/* Begin PBXSourcesBuildPhase section */
		63F31B60251C536400777BDE /* Sources */ = {
			isa = PBXSourcesBuildPhase;
			buildActionMask = 2147483647;
			files = (
				63F31B6C251C536500777BDE /* ViewController.swift in Sources */,
				635339A72520579A001FDFAD /* UploadViewController.swift in Sources */,
				63EAD09525229C7100F405FC /* MovieCropper.swift in Sources */,
				63F31B68251C536500777BDE /* AppDelegate.swift in Sources */,
				635339A325203150001FDFAD /* RecordViewController.swift in Sources */,
				63F31B6A251C536500777BDE /* SceneDelegate.swift in Sources */,
				63F31B86251C877000777BDE /* HomeViewController.swift in Sources */,
			);
			runOnlyForDeploymentPostprocessing = 0;
		};
/* End PBXSourcesBuildPhase section */

/* Begin PBXVariantGroup section */
		63F31B6D251C536500777BDE /* Main.storyboard */ = {
			isa = PBXVariantGroup;
			children = (
				63F31B6E251C536500777BDE /* Base */,
			);
			name = Main.storyboard;
			sourceTree = "<group>";
		};
		63F31B72251C536700777BDE /* LaunchScreen.storyboard */ = {
			isa = PBXVariantGroup;
			children = (
				63F31B73251C536700777BDE /* Base */,
			);
			name = LaunchScreen.storyboard;
			sourceTree = "<group>";
		};
/* End PBXVariantGroup section */

/* Begin XCBuildConfiguration section */
		63F31B76251C536700777BDE /* Debug */ = {
			isa = XCBuildConfiguration;
			buildSettings = {
				ALWAYS_SEARCH_USER_PATHS = NO;
				CLANG_ANALYZER_NONNULL = YES;
				CLANG_ANALYZER_NUMBER_OBJECT_CONVERSION = YES_AGGRESSIVE;
				CLANG_CXX_LANGUAGE_STANDARD = "gnu++14";
				CLANG_CXX_LIBRARY = "libc++";
				CLANG_ENABLE_MODULES = YES;
				CLANG_ENABLE_OBJC_ARC = YES;
				CLANG_ENABLE_OBJC_WEAK = YES;
				CLANG_WARN_BLOCK_CAPTURE_AUTORELEASING = YES;
				CLANG_WARN_BOOL_CONVERSION = YES;
				CLANG_WARN_COMMA = YES;
				CLANG_WARN_CONSTANT_CONVERSION = YES;
				CLANG_WARN_DEPRECATED_OBJC_IMPLEMENTATIONS = YES;
				CLANG_WARN_DIRECT_OBJC_ISA_USAGE = YES_ERROR;
				CLANG_WARN_DOCUMENTATION_COMMENTS = YES;
				CLANG_WARN_EMPTY_BODY = YES;
				CLANG_WARN_ENUM_CONVERSION = YES;
				CLANG_WARN_INFINITE_RECURSION = YES;
				CLANG_WARN_INT_CONVERSION = YES;
				CLANG_WARN_NON_LITERAL_NULL_CONVERSION = YES;
				CLANG_WARN_OBJC_IMPLICIT_RETAIN_SELF = YES;
				CLANG_WARN_OBJC_LITERAL_CONVERSION = YES;
				CLANG_WARN_OBJC_ROOT_CLASS = YES_ERROR;
				CLANG_WARN_QUOTED_INCLUDE_IN_FRAMEWORK_HEADER = YES;
				CLANG_WARN_RANGE_LOOP_ANALYSIS = YES;
				CLANG_WARN_STRICT_PROTOTYPES = YES;
				CLANG_WARN_SUSPICIOUS_MOVE = YES;
				CLANG_WARN_UNGUARDED_AVAILABILITY = YES_AGGRESSIVE;
				CLANG_WARN_UNREACHABLE_CODE = YES;
				CLANG_WARN__DUPLICATE_METHOD_MATCH = YES;
				COPY_PHASE_STRIP = NO;
				DEBUG_INFORMATION_FORMAT = dwarf;
				ENABLE_STRICT_OBJC_MSGSEND = YES;
				ENABLE_TESTABILITY = YES;
				GCC_C_LANGUAGE_STANDARD = gnu11;
				GCC_DYNAMIC_NO_PIC = NO;
				GCC_NO_COMMON_BLOCKS = YES;
				GCC_OPTIMIZATION_LEVEL = 0;
				GCC_PREPROCESSOR_DEFINITIONS = (
					"DEBUG=1",
					"$(inherited)",
				);
				GCC_WARN_64_TO_32_BIT_CONVERSION = YES;
				GCC_WARN_ABOUT_RETURN_TYPE = YES_ERROR;
				GCC_WARN_UNDECLARED_SELECTOR = YES;
				GCC_WARN_UNINITIALIZED_AUTOS = YES_AGGRESSIVE;
				GCC_WARN_UNUSED_FUNCTION = YES;
				GCC_WARN_UNUSED_VARIABLE = YES;
				IPHONEOS_DEPLOYMENT_TARGET = 14.0;
				MTL_ENABLE_DEBUG_INFO = INCLUDE_SOURCE;
				MTL_FAST_MATH = YES;
				ONLY_ACTIVE_ARCH = YES;
				SDKROOT = iphoneos;
				SWIFT_ACTIVE_COMPILATION_CONDITIONS = DEBUG;
				SWIFT_OPTIMIZATION_LEVEL = "-Onone";
			};
			name = Debug;
		};
		63F31B77251C536700777BDE /* Release */ = {
			isa = XCBuildConfiguration;
			buildSettings = {
				ALWAYS_SEARCH_USER_PATHS = NO;
				CLANG_ANALYZER_NONNULL = YES;
				CLANG_ANALYZER_NUMBER_OBJECT_CONVERSION = YES_AGGRESSIVE;
				CLANG_CXX_LANGUAGE_STANDARD = "gnu++14";
				CLANG_CXX_LIBRARY = "libc++";
				CLANG_ENABLE_MODULES = YES;
				CLANG_ENABLE_OBJC_ARC = YES;
				CLANG_ENABLE_OBJC_WEAK = YES;
				CLANG_WARN_BLOCK_CAPTURE_AUTORELEASING = YES;
				CLANG_WARN_BOOL_CONVERSION = YES;
				CLANG_WARN_COMMA = YES;
				CLANG_WARN_CONSTANT_CONVERSION = YES;
				CLANG_WARN_DEPRECATED_OBJC_IMPLEMENTATIONS = YES;
				CLANG_WARN_DIRECT_OBJC_ISA_USAGE = YES_ERROR;
				CLANG_WARN_DOCUMENTATION_COMMENTS = YES;
				CLANG_WARN_EMPTY_BODY = YES;
				CLANG_WARN_ENUM_CONVERSION = YES;
				CLANG_WARN_INFINITE_RECURSION = YES;
				CLANG_WARN_INT_CONVERSION = YES;
				CLANG_WARN_NON_LITERAL_NULL_CONVERSION = YES;
				CLANG_WARN_OBJC_IMPLICIT_RETAIN_SELF = YES;
				CLANG_WARN_OBJC_LITERAL_CONVERSION = YES;
				CLANG_WARN_OBJC_ROOT_CLASS = YES_ERROR;
				CLANG_WARN_QUOTED_INCLUDE_IN_FRAMEWORK_HEADER = YES;
				CLANG_WARN_RANGE_LOOP_ANALYSIS = YES;
				CLANG_WARN_STRICT_PROTOTYPES = YES;
				CLANG_WARN_SUSPICIOUS_MOVE = YES;
				CLANG_WARN_UNGUARDED_AVAILABILITY = YES_AGGRESSIVE;
				CLANG_WARN_UNREACHABLE_CODE = YES;
				CLANG_WARN__DUPLICATE_METHOD_MATCH = YES;
				COPY_PHASE_STRIP = NO;
				DEBUG_INFORMATION_FORMAT = "dwarf-with-dsym";
				ENABLE_NS_ASSERTIONS = NO;
				ENABLE_STRICT_OBJC_MSGSEND = YES;
				GCC_C_LANGUAGE_STANDARD = gnu11;
				GCC_NO_COMMON_BLOCKS = YES;
				GCC_WARN_64_TO_32_BIT_CONVERSION = YES;
				GCC_WARN_ABOUT_RETURN_TYPE = YES_ERROR;
				GCC_WARN_UNDECLARED_SELECTOR = YES;
				GCC_WARN_UNINITIALIZED_AUTOS = YES_AGGRESSIVE;
				GCC_WARN_UNUSED_FUNCTION = YES;
				GCC_WARN_UNUSED_VARIABLE = YES;
				IPHONEOS_DEPLOYMENT_TARGET = 14.0;
				MTL_ENABLE_DEBUG_INFO = NO;
				MTL_FAST_MATH = YES;
				SDKROOT = iphoneos;
				SWIFT_COMPILATION_MODE = wholemodule;
				SWIFT_OPTIMIZATION_LEVEL = "-O";
				VALIDATE_PRODUCT = YES;
			};
			name = Release;
		};
		63F31B79251C536700777BDE /* Debug */ = {
			isa = XCBuildConfiguration;
			baseConfigurationReference = C227C46C42DFACA062138D62 /* Pods-Pet App.debug.xcconfig */;
			buildSettings = {
				ASSETCATALOG_COMPILER_APPICON_NAME = AppIcon;
				ASSETCATALOG_COMPILER_GLOBAL_ACCENT_COLOR_NAME = AccentColor;
				CODE_SIGN_STYLE = Automatic;
				DEVELOPMENT_TEAM = 92TXL2GUQJ;
				INFOPLIST_FILE = "Pet App/Info.plist";
				LD_RUNPATH_SEARCH_PATHS = (
					"$(inherited)",
					"@executable_path/Frameworks",
				);
				PRODUCT_BUNDLE_IDENTIFIER = "com.maya.Pet-App";
				PRODUCT_NAME = "$(TARGET_NAME)";
				SWIFT_VERSION = 5.0;
				TARGETED_DEVICE_FAMILY = "1,2";
			};
			name = Debug;
		};
		63F31B7A251C536700777BDE /* Release */ = {
			isa = XCBuildConfiguration;
			baseConfigurationReference = A11ACECC60646E670CC53D89 /* Pods-Pet App.release.xcconfig */;
			buildSettings = {
				ASSETCATALOG_COMPILER_APPICON_NAME = AppIcon;
				ASSETCATALOG_COMPILER_GLOBAL_ACCENT_COLOR_NAME = AccentColor;
				CODE_SIGN_STYLE = Automatic;
				DEVELOPMENT_TEAM = 92TXL2GUQJ;
				INFOPLIST_FILE = "Pet App/Info.plist";
				LD_RUNPATH_SEARCH_PATHS = (
					"$(inherited)",
					"@executable_path/Frameworks",
				);
				PRODUCT_BUNDLE_IDENTIFIER = "com.maya.Pet-App";
				PRODUCT_NAME = "$(TARGET_NAME)";
				SWIFT_VERSION = 5.0;
				TARGETED_DEVICE_FAMILY = "1,2";
			};
			name = Release;
		};
/* End XCBuildConfiguration section */

/* Begin XCConfigurationList section */
		63F31B5F251C536400777BDE /* Build configuration list for PBXProject "Pet App" */ = {
			isa = XCConfigurationList;
			buildConfigurations = (
				63F31B76251C536700777BDE /* Debug */,
				63F31B77251C536700777BDE /* Release */,
			);
			defaultConfigurationIsVisible = 0;
			defaultConfigurationName = Release;
		};
		63F31B78251C536700777BDE /* Build configuration list for PBXNativeTarget "Pet App" */ = {
			isa = XCConfigurationList;
			buildConfigurations = (
				63F31B79251C536700777BDE /* Debug */,
				63F31B7A251C536700777BDE /* Release */,
			);
			defaultConfigurationIsVisible = 0;
			defaultConfigurationName = Release;
		};
/* End XCConfigurationList section */

/* Begin XCRemoteSwiftPackageReference section */
		6352191E251E681F00A4E876 /* XCRemoteSwiftPackageReference "AnimatedCollectionViewLayout" */ = {
			isa = XCRemoteSwiftPackageReference;
			repositoryURL = "https://github.com/KelvinJin/AnimatedCollectionViewLayout.git";
			requirement = {
				kind = upToNextMajorVersion;
				minimumVersion = 1.1.0;
			};
		};
		635339AA2520B946001FDFAD /* XCRemoteSwiftPackageReference "SnapKit" */ = {
			isa = XCRemoteSwiftPackageReference;
			repositoryURL = "https://github.com/SnapKit/SnapKit.git";
			requirement = {
				kind = upToNextMajorVersion;
				minimumVersion = 5.0.1;
			};
		};
/* End XCRemoteSwiftPackageReference section */

/* Begin XCSwiftPackageProductDependency section */
		6352191F251E681F00A4E876 /* AnimatedCollectionViewLayout */ = {
			isa = XCSwiftPackageProductDependency;
			package = 6352191E251E681F00A4E876 /* XCRemoteSwiftPackageReference "AnimatedCollectionViewLayout" */;
			productName = AnimatedCollectionViewLayout;
		};
		635339AB2520B946001FDFAD /* SnapKit */ = {
			isa = XCSwiftPackageProductDependency;
			package = 635339AA2520B946001FDFAD /* XCRemoteSwiftPackageReference "SnapKit" */;
			productName = SnapKit;
		};
/* End XCSwiftPackageProductDependency section */
	};
	rootObject = 63F31B5C251C536400777BDE /* Project object */;
}
