{
  "object": {
    "pins": [
      {
        "package": "AnimatedCollectionViewLayout",
        "repositoryURL": "https://github.com/KelvinJin/AnimatedCollectionViewLayout.git",
        "state": {
          "branch": null,
          "revision": "c15687d1c6db6d39ef1e54a6c5a5c2fe74a544a8",
          "version": "1.1.0"
        }
      },
      {
        "package": "SnapKit",
        "repositoryURL": "https://github.com/SnapKit/SnapKit.git",
        "state": {
          "branch": null,
          "revision": "d458564516e5676af9c70b4f4b2a9178294f1bc6",
          "version": "5.0.1"
        }
      }
    ]
  },
  "version": 1
}
